
Microsoft Visual Studio Solution File, Format Version 12.00
# Visual Studio Version 17
VisualStudioVersion = 17.3.32825.248
MinimumVisualStudioVersion = 10.0.40219.1
Project("{2150E333-8FDC-42A3-9474-1A3956D46DE8}") = "Solution Items", "Solution Items", "{A2890DD6-805E-4952-9E84-3F001E1829C4}"
	ProjectSection(SolutionItems) = preProject
		.editorconfig = .editorconfig
		.gitignore = .gitignore
		CHANGELOG.md = CHANGELOG.md
		CONTRIBUTING.md = CONTRIBUTING.md
		LICENSE = LICENSE
		README.md = README.md
		props\SharedProjectProps.props = props\SharedProjectProps.props
		PREVIEWS.md = PREVIEWS.md
	EndProjectSection
EndProject
Project("{2150E333-8FDC-42A3-9474-1A3956D46DE8}") = "src", "src", "{D87066C4-1144-4BD8-96E9-9F4676001397}"
EndProject
Project("{9A19103F-16F7-4668-BE54-9A1E7A4F7556}") = "BitMono.API", "src\BitMono.API\BitMono.API.csproj", "{AF23CAB0-659E-4444-9D31-7F4D06BDA5C4}"
EndProject
Project("{9A19103F-16F7-4668-BE54-9A1E7A4F7556}") = "BitMono.CLI", "src\BitMono.CLI\BitMono.CLI.csproj", "{BD0789BC-F351-44CC-B58C-F91DBE778D56}"
EndProject
Project("{9A19103F-16F7-4668-BE54-9A1E7A4F7556}") = "BitMono.Core", "src\BitMono.Core\BitMono.Core.csproj", "{76B85164-08C4-4D79-B331-F220967529BD}"
EndProject
Project("{9A19103F-16F7-4668-BE54-9A1E7A4F7556}") = "BitMono.GUI", "src\BitMono.GUI\BitMono.GUI.csproj", "{BBD90469-32A2-4F72-B022-6496E9BB1800}"
EndProject
Project("{9A19103F-16F7-4668-BE54-9A1E7A4F7556}") = "BitMono.GUI.API", "src\BitMono.GUI.API\BitMono.GUI.API.csproj", "{7C0EBB47-7DB0-4110-A39B-7659AB70649F}"
EndProject
Project("{9A19103F-16F7-4668-BE54-9A1E7A4F7556}") = "BitMono.Host", "src\BitMono.Host\BitMono.Host.csproj", "{41B9E388-392E-4AD3-8678-2A5AFF3A1F50}"
EndProject
Project("{9A19103F-16F7-4668-BE54-9A1E7A4F7556}") = "BitMono.Obfuscation", "src\BitMono.Obfuscation\BitMono.Obfuscation.csproj", "{8D86C77B-40D5-4234-8DC0-FE129F730B7A}"
EndProject
Project("{9A19103F-16F7-4668-BE54-9A1E7A4F7556}") = "BitMono.Protections", "src\BitMono.Protections\BitMono.Protections.csproj", "{5B46A891-BF1A-487F-AF68-0AF045F8EC96}"
EndProject
Project("{9A19103F-16F7-4668-BE54-9A1E7A4F7556}") = "BitMono.Runtime", "src\BitMono.Runtime\BitMono.Runtime.csproj", "{7A7E46BE-5210-4E0B-8FF6-71B82012E51A}"
EndProject
Project("{9A19103F-16F7-4668-BE54-9A1E7A4F7556}") = "BitMono.Shared", "src\BitMono.Shared\BitMono.Shared.csproj", "{40615C80-C80C-4C95-ABC3-3291C32197D8}"
EndProject
Project("{9A19103F-16F7-4668-BE54-9A1E7A4F7556}") = "BitMono.Utilities", "src\BitMono.Utilities\BitMono.Utilities.csproj", "{34C08A60-E141-4FAD-975F-F447317CDA79}"
EndProject
Project("{9A19103F-16F7-4668-BE54-9A1E7A4F7556}") = "BitMono.GUI.Utilities", "src\BitMono.GUI.Utilities\BitMono.GUI.Utilities.csproj", "{452E19E6-E967-47BC-8F0D-04FD372BBC79}"
EndProject
Project("{2150E333-8FDC-42A3-9474-1A3956D46DE8}") = "test", "test", "{1EF50257-AFD3-48A3-9E22-03BDC25550A7}"
EndProject
Project("{FAE04EC0-301F-11D3-BF4B-00C04F79EFBC}") = "BitMono.Core.Tests", "test\BitMono.Core.Tests\BitMono.Core.Tests.csproj", "{A48CF019-9079-4CC1-8DC6-8EB6252B2071}"
EndProject
Project("{FAE04EC0-301F-11D3-BF4B-00C04F79EFBC}") = "BitMono.Benchmarks", "test\BitMono.Benchmarks\BitMono.Benchmarks.csproj", "{3BF83671-AB38-4B91-82F2-40EA193E10DA}"
EndProject
Project("{2150E333-8FDC-42A3-9474-1A3956D46DE8}") = "TestBinaries", "TestBinaries", "{EB40D287-0103-4693-8C26-7C3BC7C203B5}"
EndProject
Project("{2150E333-8FDC-42A3-9474-1A3956D46DE8}") = "DotNet", "DotNet", "{A431DCB4-6EF9-4BEF-8902-FA704D62624E}"
EndProject
Project("{FAE04EC0-301F-11D3-BF4B-00C04F79EFBC}") = "BitMono.Core.TestCases.CustomAttributes", "test\TestBinaries\DotNet\BitMono.Core.TestCases.CustomAttributes\BitMono.Core.TestCases.CustomAttributes.csproj", "{1D6B1BA7-496F-4F91-A115-EF5E5DC6E6C2}"
EndProject
Project("{FAE04EC0-301F-11D3-BF4B-00C04F79EFBC}") = "BitMono.Core.TestCases.Methods", "test\TestBinaries\DotNet\BitMono.Core.TestCases.Methods\BitMono.Core.TestCases.Methods.csproj", "{4166AC73-6969-406A-ADD0-67CB70A76D9C}"
EndProject
Project("{FAE04EC0-301F-11D3-BF4B-00C04F79EFBC}") = "BitMono.Core.TestCases.Types", "test\TestBinaries\DotNet\BitMono.Core.TestCases.Types\BitMono.Core.TestCases.Types.csproj", "{5DC793B1-F82B-4BC7-99C9-FE8C1545E1F7}"
EndProject
Project("{FAE04EC0-301F-11D3-BF4B-00C04F79EFBC}") = "BitMono.Core.TestCases.Reflection", "test\TestBinaries\DotNet\BitMono.Core.TestCases.Reflection\BitMono.Core.TestCases.Reflection.csproj", "{1683308C-36D4-49B1-8CCE-9DDE09336856}"
EndProject
Project("{FAE04EC0-301F-11D3-BF4B-00C04F79EFBC}") = "BitMono.Obfuscation.Tests", "test\BitMono.Obfuscation.Tests\BitMono.Obfuscation.Tests.csproj", "{49E6076C-FEC8-4411-B7AE-4DB6112370C1}"
EndProject
Project("{FAE04EC0-301F-11D3-BF4B-00C04F79EFBC}") = "BitMono.Obfuscation.TestCases.CosturaDecompressor", "test\TestBinaries\DotNet\BitMono.Obfuscation.TestCases.CosturaDecompressor\BitMono.Obfuscation.TestCases.CosturaDecompressor.csproj", "{E73C9803-971F-4F7D-A21B-9097C2EC1A80}"
EndProject
Global
	GlobalSection(SolutionConfigurationPlatforms) = preSolution
		Debug|Any CPU = Debug|Any CPU
		Release|Any CPU = Release|Any CPU
	EndGlobalSection
	GlobalSection(ProjectConfigurationPlatforms) = postSolution
		{AF23CAB0-659E-4444-9D31-7F4D06BDA5C4}.Debug|Any CPU.ActiveCfg = Debug|Any CPU
		{AF23CAB0-659E-4444-9D31-7F4D06BDA5C4}.Debug|Any CPU.Build.0 = Debug|Any CPU
		{AF23CAB0-659E-4444-9D31-7F4D06BDA5C4}.Release|Any CPU.ActiveCfg = Release|Any CPU
		{AF23CAB0-659E-4444-9D31-7F4D06BDA5C4}.Release|Any CPU.Build.0 = Release|Any CPU
		{BD0789BC-F351-44CC-B58C-F91DBE778D56}.Debug|Any CPU.ActiveCfg = Debug|Any CPU
		{BD0789BC-F351-44CC-B58C-F91DBE778D56}.Debug|Any CPU.Build.0 = Debug|Any CPU
		{BD0789BC-F351-44CC-B58C-F91DBE778D56}.Release|Any CPU.ActiveCfg = Release|Any CPU
		{BD0789BC-F351-44CC-B58C-F91DBE778D56}.Release|Any CPU.Build.0 = Release|Any CPU
		{76B85164-08C4-4D79-B331-F220967529BD}.Debug|Any CPU.ActiveCfg = Debug|Any CPU
		{76B85164-08C4-4D79-B331-F220967529BD}.Debug|Any CPU.Build.0 = Debug|Any CPU
		{76B85164-08C4-4D79-B331-F220967529BD}.Release|Any CPU.ActiveCfg = Release|Any CPU
		{76B85164-08C4-4D79-B331-F220967529BD}.Release|Any CPU.Build.0 = Release|Any CPU
		{BBD90469-32A2-4F72-B022-6496E9BB1800}.Debug|Any CPU.ActiveCfg = Debug|Any CPU
		{BBD90469-32A2-4F72-B022-6496E9BB1800}.Debug|Any CPU.Build.0 = Debug|Any CPU
		{BBD90469-32A2-4F72-B022-6496E9BB1800}.Debug|Any CPU.Deploy.0 = Debug|Any CPU
		{BBD90469-32A2-4F72-B022-6496E9BB1800}.Release|Any CPU.ActiveCfg = Release|Any CPU
		{BBD90469-32A2-4F72-B022-6496E9BB1800}.Release|Any CPU.Build.0 = Release|Any CPU
		{BBD90469-32A2-4F72-B022-6496E9BB1800}.Release|Any CPU.Deploy.0 = Release|Any CPU
		{7C0EBB47-7DB0-4110-A39B-7659AB70649F}.Debug|Any CPU.ActiveCfg = Debug|Any CPU
		{7C0EBB47-7DB0-4110-A39B-7659AB70649F}.Debug|Any CPU.Build.0 = Debug|Any CPU
		{7C0EBB47-7DB0-4110-A39B-7659AB70649F}.Release|Any CPU.ActiveCfg = Release|Any CPU
		{7C0EBB47-7DB0-4110-A39B-7659AB70649F}.Release|Any CPU.Build.0 = Release|Any CPU
		{41B9E388-392E-4AD3-8678-2A5AFF3A1F50}.Debug|Any CPU.ActiveCfg = Debug|Any CPU
		{41B9E388-392E-4AD3-8678-2A5AFF3A1F50}.Debug|Any CPU.Build.0 = Debug|Any CPU
		{41B9E388-392E-4AD3-8678-2A5AFF3A1F50}.Release|Any CPU.ActiveCfg = Release|Any CPU
		{41B9E388-392E-4AD3-8678-2A5AFF3A1F50}.Release|Any CPU.Build.0 = Release|Any CPU
		{8D86C77B-40D5-4234-8DC0-FE129F730B7A}.Debug|Any CPU.ActiveCfg = Debug|Any CPU
		{8D86C77B-40D5-4234-8DC0-FE129F730B7A}.Debug|Any CPU.Build.0 = Debug|Any CPU
		{8D86C77B-40D5-4234-8DC0-FE129F730B7A}.Release|Any CPU.ActiveCfg = Release|Any CPU
		{8D86C77B-40D5-4234-8DC0-FE129F730B7A}.Release|Any CPU.Build.0 = Release|Any CPU
		{5B46A891-BF1A-487F-AF68-0AF045F8EC96}.Debug|Any CPU.ActiveCfg = Debug|Any CPU
		{5B46A891-BF1A-487F-AF68-0AF045F8EC96}.Debug|Any CPU.Build.0 = Debug|Any CPU
		{5B46A891-BF1A-487F-AF68-0AF045F8EC96}.Release|Any CPU.ActiveCfg = Release|Any CPU
		{5B46A891-BF1A-487F-AF68-0AF045F8EC96}.Release|Any CPU.Build.0 = Release|Any CPU
		{7A7E46BE-5210-4E0B-8FF6-71B82012E51A}.Debug|Any CPU.ActiveCfg = Debug|Any CPU
		{7A7E46BE-5210-4E0B-8FF6-71B82012E51A}.Debug|Any CPU.Build.0 = Debug|Any CPU
		{7A7E46BE-5210-4E0B-8FF6-71B82012E51A}.Release|Any CPU.ActiveCfg = Release|Any CPU
		{7A7E46BE-5210-4E0B-8FF6-71B82012E51A}.Release|Any CPU.Build.0 = Release|Any CPU
		{40615C80-C80C-4C95-ABC3-3291C32197D8}.Debug|Any CPU.ActiveCfg = Debug|Any CPU
		{40615C80-C80C-4C95-ABC3-3291C32197D8}.Debug|Any CPU.Build.0 = Debug|Any CPU
		{40615C80-C80C-4C95-ABC3-3291C32197D8}.Release|Any CPU.ActiveCfg = Release|Any CPU
		{40615C80-C80C-4C95-ABC3-3291C32197D8}.Release|Any CPU.Build.0 = Release|Any CPU
		{34C08A60-E141-4FAD-975F-F447317CDA79}.Debug|Any CPU.ActiveCfg = Debug|Any CPU
		{34C08A60-E141-4FAD-975F-F447317CDA79}.Debug|Any CPU.Build.0 = Debug|Any CPU
		{34C08A60-E141-4FAD-975F-F447317CDA79}.Release|Any CPU.ActiveCfg = Release|Any CPU
		{34C08A60-E141-4FAD-975F-F447317CDA79}.Release|Any CPU.Build.0 = Release|Any CPU
		{452E19E6-E967-47BC-8F0D-04FD372BBC79}.Debug|Any CPU.ActiveCfg = Debug|Any CPU
		{452E19E6-E967-47BC-8F0D-04FD372BBC79}.Debug|Any CPU.Build.0 = Debug|Any CPU
		{452E19E6-E967-47BC-8F0D-04FD372BBC79}.Release|Any CPU.ActiveCfg = Release|Any CPU
		{452E19E6-E967-47BC-8F0D-04FD372BBC79}.Release|Any CPU.Build.0 = Release|Any CPU
		{A48CF019-9079-4CC1-8DC6-8EB6252B2071}.Debug|Any CPU.ActiveCfg = Debug|Any CPU
		{A48CF019-9079-4CC1-8DC6-8EB6252B2071}.Debug|Any CPU.Build.0 = Debug|Any CPU
		{A48CF019-9079-4CC1-8DC6-8EB6252B2071}.Release|Any CPU.ActiveCfg = Release|Any CPU
		{A48CF019-9079-4CC1-8DC6-8EB6252B2071}.Release|Any CPU.Build.0 = Release|Any CPU
		{3BF83671-AB38-4B91-82F2-40EA193E10DA}.Debug|Any CPU.ActiveCfg = Debug|Any CPU
		{3BF83671-AB38-4B91-82F2-40EA193E10DA}.Debug|Any CPU.Build.0 = Debug|Any CPU
		{3BF83671-AB38-4B91-82F2-40EA193E10DA}.Release|Any CPU.ActiveCfg = Release|Any CPU
		{3BF83671-AB38-4B91-82F2-40EA193E10DA}.Release|Any CPU.Build.0 = Release|Any CPU
		{1D6B1BA7-496F-4F91-A115-EF5E5DC6E6C2}.Debug|Any CPU.ActiveCfg = Debug|Any CPU
		{1D6B1BA7-496F-4F91-A115-EF5E5DC6E6C2}.Debug|Any CPU.Build.0 = Debug|Any CPU
		{1D6B1BA7-496F-4F91-A115-EF5E5DC6E6C2}.Release|Any CPU.ActiveCfg = Release|Any CPU
		{1D6B1BA7-496F-4F91-A115-EF5E5DC6E6C2}.Release|Any CPU.Build.0 = Release|Any CPU
		{4166AC73-6969-406A-ADD0-67CB70A76D9C}.Debug|Any CPU.ActiveCfg = Debug|Any CPU
		{4166AC73-6969-406A-ADD0-67CB70A76D9C}.Debug|Any CPU.Build.0 = Debug|Any CPU
		{4166AC73-6969-406A-ADD0-67CB70A76D9C}.Release|Any CPU.ActiveCfg = Release|Any CPU
		{4166AC73-6969-406A-ADD0-67CB70A76D9C}.Release|Any CPU.Build.0 = Release|Any CPU
		{5DC793B1-F82B-4BC7-99C9-FE8C1545E1F7}.Debug|Any CPU.ActiveCfg = Debug|Any CPU
		{5DC793B1-F82B-4BC7-99C9-FE8C1545E1F7}.Debug|Any CPU.Build.0 = Debug|Any CPU
		{5DC793B1-F82B-4BC7-99C9-FE8C1545E1F7}.Release|Any CPU.ActiveCfg = Release|Any CPU
		{5DC793B1-F82B-4BC7-99C9-FE8C1545E1F7}.Release|Any CPU.Build.0 = Release|Any CPU
		{1683308C-36D4-49B1-8CCE-9DDE09336856}.Debug|Any CPU.ActiveCfg = Debug|Any CPU
		{1683308C-36D4-49B1-8CCE-9DDE09336856}.Debug|Any CPU.Build.0 = Debug|Any CPU
		{1683308C-36D4-49B1-8CCE-9DDE09336856}.Release|Any CPU.ActiveCfg = Release|Any CPU
		{1683308C-36D4-49B1-8CCE-9DDE09336856}.Release|Any CPU.Build.0 = Release|Any CPU
		{49E6076C-FEC8-4411-B7AE-4DB6112370C1}.Debug|Any CPU.ActiveCfg = Debug|Any CPU
		{49E6076C-FEC8-4411-B7AE-4DB6112370C1}.Debug|Any CPU.Build.0 = Debug|Any CPU
		{49E6076C-FEC8-4411-B7AE-4DB6112370C1}.Release|Any CPU.ActiveCfg = Release|Any CPU
		{49E6076C-FEC8-4411-B7AE-4DB6112370C1}.Release|Any CPU.Build.0 = Release|Any CPU
		{E73C9803-971F-4F7D-A21B-9097C2EC1A80}.Debug|Any CPU.ActiveCfg = Debug|Any CPU
		{E73C9803-971F-4F7D-A21B-9097C2EC1A80}.Debug|Any CPU.Build.0 = Debug|Any CPU
		{E73C9803-971F-4F7D-A21B-9097C2EC1A80}.Release|Any CPU.ActiveCfg = Release|Any CPU
		{E73C9803-971F-4F7D-A21B-9097C2EC1A80}.Release|Any CPU.Build.0 = Release|Any CPU
	EndGlobalSection
	GlobalSection(SolutionProperties) = preSolution
		HideSolutionNode = FALSE
	EndGlobalSection
	GlobalSection(NestedProjects) = preSolution
		{AF23CAB0-659E-4444-9D31-7F4D06BDA5C4} = {D87066C4-1144-4BD8-96E9-9F4676001397}
		{BD0789BC-F351-44CC-B58C-F91DBE778D56} = {D87066C4-1144-4BD8-96E9-9F4676001397}
		{76B85164-08C4-4D79-B331-F220967529BD} = {D87066C4-1144-4BD8-96E9-9F4676001397}
		{BBD90469-32A2-4F72-B022-6496E9BB1800} = {D87066C4-1144-4BD8-96E9-9F4676001397}
		{7C0EBB47-7DB0-4110-A39B-7659AB70649F} = {D87066C4-1144-4BD8-96E9-9F4676001397}
		{41B9E388-392E-4AD3-8678-2A5AFF3A1F50} = {D87066C4-1144-4BD8-96E9-9F4676001397}
		{8D86C77B-40D5-4234-8DC0-FE129F730B7A} = {D87066C4-1144-4BD8-96E9-9F4676001397}
		{5B46A891-BF1A-487F-AF68-0AF045F8EC96} = {D87066C4-1144-4BD8-96E9-9F4676001397}
		{7A7E46BE-5210-4E0B-8FF6-71B82012E51A} = {D87066C4-1144-4BD8-96E9-9F4676001397}
		{40615C80-C80C-4C95-ABC3-3291C32197D8} = {D87066C4-1144-4BD8-96E9-9F4676001397}
		{34C08A60-E141-4FAD-975F-F447317CDA79} = {D87066C4-1144-4BD8-96E9-9F4676001397}
		{452E19E6-E967-47BC-8F0D-04FD372BBC79} = {D87066C4-1144-4BD8-96E9-9F4676001397}
		{A48CF019-9079-4CC1-8DC6-8EB6252B2071} = {1EF50257-AFD3-48A3-9E22-03BDC25550A7}
		{3BF83671-AB38-4B91-82F2-40EA193E10DA} = {1EF50257-AFD3-48A3-9E22-03BDC25550A7}
		{EB40D287-0103-4693-8C26-7C3BC7C203B5} = {1EF50257-AFD3-48A3-9E22-03BDC25550A7}
		{A431DCB4-6EF9-4BEF-8902-FA704D62624E} = {EB40D287-0103-4693-8C26-7C3BC7C203B5}
		{1D6B1BA7-496F-4F91-A115-EF5E5DC6E6C2} = {A431DCB4-6EF9-4BEF-8902-FA704D62624E}
		{4166AC73-6969-406A-ADD0-67CB70A76D9C} = {A431DCB4-6EF9-4BEF-8902-FA704D62624E}
		{5DC793B1-F82B-4BC7-99C9-FE8C1545E1F7} = {A431DCB4-6EF9-4BEF-8902-FA704D62624E}
		{1683308C-36D4-49B1-8CCE-9DDE09336856} = {A431DCB4-6EF9-4BEF-8902-FA704D62624E}
		{49E6076C-FEC8-4411-B7AE-4DB6112370C1} = {1EF50257-AFD3-48A3-9E22-03BDC25550A7}
		{E73C9803-971F-4F7D-A21B-9097C2EC1A80} = {A431DCB4-6EF9-4BEF-8902-FA704D62624E}
	EndGlobalSection
	GlobalSection(ExtensibilityGlobals) = postSolution
		SolutionGuid = {7DA0BB43-C1D4-4688-BE43-A9ED2D6F78EE}
	EndGlobalSection
EndGlobal
