
Microsoft Visual Studio Solution File, Format Version 12.00
# Visual Studio Version 17
VisualStudioVersion = 17.3.32825.248
MinimumVisualStudioVersion = 10.0.40219.1
Project("{2150E333-8FDC-42A3-9474-1A3956D46DE8}") = "Solution Items", "Solution Items", "{A2890DD6-805E-4952-9E84-3F001E1829C4}"
	ProjectSection(SolutionItems) = preProject
		.formatconfig = .formatconfig
		.gitignore = .gitignore
		CHANGELOG.md = CHANGELOG.md
		LICENSE = LICENSE
		README.md = README.md
	EndProjectSection
EndProject
Project("{2150E333-8FDC-42A3-9474-1A3956D46DE8}") = "standalone", "standalone", "{76169FB9-B5F2-44B3-BF48-CCF10C3F9341}"
EndProject
Project("{9A19103F-16F7-4668-BE54-9A1E7A4F7556}") = "BitMono.Standalone", "src\BitMono.Standalone\BitMono.Standalone.csproj", "{FE748DBC-2CE5-42D6-B192-D8222B103E0F}"
EndProject
Project("{2150E333-8FDC-42A3-9474-1A3956D46DE8}") = "submodules", "submodules", "{627F81D7-6C42-4AE8-9D96-A7F1BB3B2475}"
EndProject
Project("{2150E333-8FDC-42A3-9474-1A3956D46DE8}") = "src", "src", "{D87066C4-1144-4BD8-96E9-9F4676001397}"
EndProject
Project("{2150E333-8FDC-42A3-9474-1A3956D46DE8}") = "crackmes", "crackmes", "{2FE1199C-34CC-4AC8-AAB9-F1EF76883EE3}"
EndProject
Project("{9A19103F-16F7-4668-BE54-9A1E7A4F7556}") = "BitMono.Unturned-RocketMod-Crackme", "src\BitMono.Unturned-RocketMod-Crackme\BitMono.Unturned-RocketMod-Crackme.csproj", "{63224ECB-DC65-4908-87AB-8016DF7EC243}"
EndProject
Project("{9A19103F-16F7-4668-BE54-9A1E7A4F7556}") = "BitMono.API", "src\BitMono.API\BitMono.API.csproj", "{AF23CAB0-659E-4444-9D31-7F4D06BDA5C4}"
EndProject
Project("{9A19103F-16F7-4668-BE54-9A1E7A4F7556}") = "BitMono.CLI", "src\BitMono.CLI\BitMono.CLI.csproj", "{BD0789BC-F351-44CC-B58C-F91DBE778D56}"
EndProject
Project("{9A19103F-16F7-4668-BE54-9A1E7A4F7556}") = "BitMono.Core", "src\BitMono.Core\BitMono.Core.csproj", "{76B85164-08C4-4D79-B331-F220967529BD}"
EndProject
Project("{9A19103F-16F7-4668-BE54-9A1E7A4F7556}") = "BitMono.GUI", "src\BitMono.GUI\BitMono.GUI.csproj", "{BBD90469-32A2-4F72-B022-6496E9BB1800}"
EndProject
Project("{9A19103F-16F7-4668-BE54-9A1E7A4F7556}") = "BitMono.GUI.API", "src\BitMono.GUI.API\BitMono.GUI.API.csproj", "{7C0EBB47-7DB0-4110-A39B-7659AB70649F}"
EndProject
Project("{9A19103F-16F7-4668-BE54-9A1E7A4F7556}") = "BitMono.GUI.Utilities", "src\BitMono.GUI.Utilities\BitMono.GUI.Utilities.csproj", "{1F964CE2-3E32-4B34-B69E-991E8E4DA01D}"
EndProject
Project("{9A19103F-16F7-4668-BE54-9A1E7A4F7556}") = "BitMono.Host", "src\BitMono.Host\BitMono.Host.csproj", "{41B9E388-392E-4AD3-8678-2A5AFF3A1F50}"
EndProject
Project("{9A19103F-16F7-4668-BE54-9A1E7A4F7556}") = "BitMono.Obfuscation", "src\BitMono.Obfuscation\BitMono.Obfuscation.csproj", "{8D86C77B-40D5-4234-8DC0-FE129F730B7A}"
EndProject
Project("{9A19103F-16F7-4668-BE54-9A1E7A4F7556}") = "BitMono.Obfuscation.API", "src\BitMono.Obfuscation.API\BitMono.Obfuscation.API.csproj", "{67AC5ED0-B443-4098-B0D9-6B5F0761F599}"
EndProject
Project("{9A19103F-16F7-4668-BE54-9A1E7A4F7556}") = "BitMono.Protections", "src\BitMono.Protections\BitMono.Protections.csproj", "{5B46A891-BF1A-487F-AF68-0AF045F8EC96}"
EndProject
Project("{9A19103F-16F7-4668-BE54-9A1E7A4F7556}") = "BitMono.Runtime", "src\BitMono.Runtime\BitMono.Runtime.csproj", "{7A7E46BE-5210-4E0B-8FF6-71B82012E51A}"
EndProject
Project("{9A19103F-16F7-4668-BE54-9A1E7A4F7556}") = "BitMono.Shared", "src\BitMono.Shared\BitMono.Shared.csproj", "{40615C80-C80C-4C95-ABC3-3291C32197D8}"
EndProject
Project("{9A19103F-16F7-4668-BE54-9A1E7A4F7556}") = "BitMono.Utilities", "src\BitMono.Utilities\BitMono.Utilities.csproj", "{34C08A60-E141-4FAD-975F-F447317CDA79}"
EndProject
Project("{9A19103F-16F7-4668-BE54-9A1E7A4F7556}") = "dnlib", "src\dnlib\src\dnlib.csproj", "{41A5C3DF-744E-47E6-84F2-671260AB651B}"
EndProject
Global
	GlobalSection(SolutionConfigurationPlatforms) = preSolution
		Debug|Any CPU = Debug|Any CPU
		Release|Any CPU = Release|Any CPU
	EndGlobalSection
	GlobalSection(ProjectConfigurationPlatforms) = postSolution
		{FE748DBC-2CE5-42D6-B192-D8222B103E0F}.Debug|Any CPU.ActiveCfg = Debug|Any CPU
		{FE748DBC-2CE5-42D6-B192-D8222B103E0F}.Debug|Any CPU.Build.0 = Debug|Any CPU
		{FE748DBC-2CE5-42D6-B192-D8222B103E0F}.Release|Any CPU.ActiveCfg = Release|Any CPU
		{FE748DBC-2CE5-42D6-B192-D8222B103E0F}.Release|Any CPU.Build.0 = Release|Any CPU
		{63224ECB-DC65-4908-87AB-8016DF7EC243}.Debug|Any CPU.ActiveCfg = Debug|Any CPU
		{63224ECB-DC65-4908-87AB-8016DF7EC243}.Debug|Any CPU.Build.0 = Debug|Any CPU
		{63224ECB-DC65-4908-87AB-8016DF7EC243}.Release|Any CPU.ActiveCfg = Release|Any CPU
		{63224ECB-DC65-4908-87AB-8016DF7EC243}.Release|Any CPU.Build.0 = Release|Any CPU
		{AF23CAB0-659E-4444-9D31-7F4D06BDA5C4}.Debug|Any CPU.ActiveCfg = Debug|Any CPU
		{AF23CAB0-659E-4444-9D31-7F4D06BDA5C4}.Debug|Any CPU.Build.0 = Debug|Any CPU
		{AF23CAB0-659E-4444-9D31-7F4D06BDA5C4}.Release|Any CPU.ActiveCfg = Release|Any CPU
		{AF23CAB0-659E-4444-9D31-7F4D06BDA5C4}.Release|Any CPU.Build.0 = Release|Any CPU
		{BD0789BC-F351-44CC-B58C-F91DBE778D56}.Debug|Any CPU.ActiveCfg = Debug|Any CPU
		{BD0789BC-F351-44CC-B58C-F91DBE778D56}.Debug|Any CPU.Build.0 = Debug|Any CPU
		{BD0789BC-F351-44CC-B58C-F91DBE778D56}.Release|Any CPU.ActiveCfg = Release|Any CPU
		{BD0789BC-F351-44CC-B58C-F91DBE778D56}.Release|Any CPU.Build.0 = Release|Any CPU
		{76B85164-08C4-4D79-B331-F220967529BD}.Debug|Any CPU.ActiveCfg = Debug|Any CPU
		{76B85164-08C4-4D79-B331-F220967529BD}.Debug|Any CPU.Build.0 = Debug|Any CPU
		{76B85164-08C4-4D79-B331-F220967529BD}.Release|Any CPU.ActiveCfg = Release|Any CPU
		{76B85164-08C4-4D79-B331-F220967529BD}.Release|Any CPU.Build.0 = Release|Any CPU
		{BBD90469-32A2-4F72-B022-6496E9BB1800}.Debug|Any CPU.ActiveCfg = Debug|Any CPU
		{BBD90469-32A2-4F72-B022-6496E9BB1800}.Debug|Any CPU.Build.0 = Debug|Any CPU
		{BBD90469-32A2-4F72-B022-6496E9BB1800}.Debug|Any CPU.Deploy.0 = Debug|Any CPU
		{BBD90469-32A2-4F72-B022-6496E9BB1800}.Release|Any CPU.ActiveCfg = Release|Any CPU
		{BBD90469-32A2-4F72-B022-6496E9BB1800}.Release|Any CPU.Build.0 = Release|Any CPU
		{BBD90469-32A2-4F72-B022-6496E9BB1800}.Release|Any CPU.Deploy.0 = Release|Any CPU
		{7C0EBB47-7DB0-4110-A39B-7659AB70649F}.Debug|Any CPU.ActiveCfg = Debug|Any CPU
		{7C0EBB47-7DB0-4110-A39B-7659AB70649F}.Debug|Any CPU.Build.0 = Debug|Any CPU
		{7C0EBB47-7DB0-4110-A39B-7659AB70649F}.Release|Any CPU.ActiveCfg = Release|Any CPU
		{7C0EBB47-7DB0-4110-A39B-7659AB70649F}.Release|Any CPU.Build.0 = Release|Any CPU
		{1F964CE2-3E32-4B34-B69E-991E8E4DA01D}.Debug|Any CPU.ActiveCfg = Debug|Any CPU
		{1F964CE2-3E32-4B34-B69E-991E8E4DA01D}.Debug|Any CPU.Build.0 = Debug|Any CPU
		{1F964CE2-3E32-4B34-B69E-991E8E4DA01D}.Release|Any CPU.ActiveCfg = Release|Any CPU
		{1F964CE2-3E32-4B34-B69E-991E8E4DA01D}.Release|Any CPU.Build.0 = Release|Any CPU
		{41B9E388-392E-4AD3-8678-2A5AFF3A1F50}.Debug|Any CPU.ActiveCfg = Debug|Any CPU
		{41B9E388-392E-4AD3-8678-2A5AFF3A1F50}.Debug|Any CPU.Build.0 = Debug|Any CPU
		{41B9E388-392E-4AD3-8678-2A5AFF3A1F50}.Release|Any CPU.ActiveCfg = Release|Any CPU
		{41B9E388-392E-4AD3-8678-2A5AFF3A1F50}.Release|Any CPU.Build.0 = Release|Any CPU
		{8D86C77B-40D5-4234-8DC0-FE129F730B7A}.Debug|Any CPU.ActiveCfg = Debug|Any CPU
		{8D86C77B-40D5-4234-8DC0-FE129F730B7A}.Debug|Any CPU.Build.0 = Debug|Any CPU
		{8D86C77B-40D5-4234-8DC0-FE129F730B7A}.Release|Any CPU.ActiveCfg = Release|Any CPU
		{8D86C77B-40D5-4234-8DC0-FE129F730B7A}.Release|Any CPU.Build.0 = Release|Any CPU
		{67AC5ED0-B443-4098-B0D9-6B5F0761F599}.Debug|Any CPU.ActiveCfg = Debug|Any CPU
		{67AC5ED0-B443-4098-B0D9-6B5F0761F599}.Debug|Any CPU.Build.0 = Debug|Any CPU
		{67AC5ED0-B443-4098-B0D9-6B5F0761F599}.Release|Any CPU.ActiveCfg = Release|Any CPU
		{67AC5ED0-B443-4098-B0D9-6B5F0761F599}.Release|Any CPU.Build.0 = Release|Any CPU
		{5B46A891-BF1A-487F-AF68-0AF045F8EC96}.Debug|Any CPU.ActiveCfg = Debug|Any CPU
		{5B46A891-BF1A-487F-AF68-0AF045F8EC96}.Debug|Any CPU.Build.0 = Debug|Any CPU
		{5B46A891-BF1A-487F-AF68-0AF045F8EC96}.Release|Any CPU.ActiveCfg = Release|Any CPU
		{5B46A891-BF1A-487F-AF68-0AF045F8EC96}.Release|Any CPU.Build.0 = Release|Any CPU
		{7A7E46BE-5210-4E0B-8FF6-71B82012E51A}.Debug|Any CPU.ActiveCfg = Debug|Any CPU
		{7A7E46BE-5210-4E0B-8FF6-71B82012E51A}.Debug|Any CPU.Build.0 = Debug|Any CPU
		{7A7E46BE-5210-4E0B-8FF6-71B82012E51A}.Release|Any CPU.ActiveCfg = Release|Any CPU
		{7A7E46BE-5210-4E0B-8FF6-71B82012E51A}.Release|Any CPU.Build.0 = Release|Any CPU
		{40615C80-C80C-4C95-ABC3-3291C32197D8}.Debug|Any CPU.ActiveCfg = Debug|Any CPU
		{40615C80-C80C-4C95-ABC3-3291C32197D8}.Debug|Any CPU.Build.0 = Debug|Any CPU
		{40615C80-C80C-4C95-ABC3-3291C32197D8}.Release|Any CPU.ActiveCfg = Release|Any CPU
		{40615C80-C80C-4C95-ABC3-3291C32197D8}.Release|Any CPU.Build.0 = Release|Any CPU
		{34C08A60-E141-4FAD-975F-F447317CDA79}.Debug|Any CPU.ActiveCfg = Debug|Any CPU
		{34C08A60-E141-4FAD-975F-F447317CDA79}.Debug|Any CPU.Build.0 = Debug|Any CPU
		{34C08A60-E141-4FAD-975F-F447317CDA79}.Release|Any CPU.ActiveCfg = Release|Any CPU
		{34C08A60-E141-4FAD-975F-F447317CDA79}.Release|Any CPU.Build.0 = Release|Any CPU
		{41A5C3DF-744E-47E6-84F2-671260AB651B}.Debug|Any CPU.ActiveCfg = Debug|Any CPU
		{41A5C3DF-744E-47E6-84F2-671260AB651B}.Debug|Any CPU.Build.0 = Debug|Any CPU
		{41A5C3DF-744E-47E6-84F2-671260AB651B}.Release|Any CPU.ActiveCfg = Release|Any CPU
		{41A5C3DF-744E-47E6-84F2-671260AB651B}.Release|Any CPU.Build.0 = Release|Any CPU
	EndGlobalSection
	GlobalSection(SolutionProperties) = preSolution
		HideSolutionNode = FALSE
	EndGlobalSection
	GlobalSection(NestedProjects) = preSolution
		{FE748DBC-2CE5-42D6-B192-D8222B103E0F} = {76169FB9-B5F2-44B3-BF48-CCF10C3F9341}
		{63224ECB-DC65-4908-87AB-8016DF7EC243} = {2FE1199C-34CC-4AC8-AAB9-F1EF76883EE3}
		{AF23CAB0-659E-4444-9D31-7F4D06BDA5C4} = {D87066C4-1144-4BD8-96E9-9F4676001397}
		{BD0789BC-F351-44CC-B58C-F91DBE778D56} = {D87066C4-1144-4BD8-96E9-9F4676001397}
		{76B85164-08C4-4D79-B331-F220967529BD} = {D87066C4-1144-4BD8-96E9-9F4676001397}
		{BBD90469-32A2-4F72-B022-6496E9BB1800} = {D87066C4-1144-4BD8-96E9-9F4676001397}
		{7C0EBB47-7DB0-4110-A39B-7659AB70649F} = {D87066C4-1144-4BD8-96E9-9F4676001397}
		{1F964CE2-3E32-4B34-B69E-991E8E4DA01D} = {D87066C4-1144-4BD8-96E9-9F4676001397}
		{41B9E388-392E-4AD3-8678-2A5AFF3A1F50} = {D87066C4-1144-4BD8-96E9-9F4676001397}
		{8D86C77B-40D5-4234-8DC0-FE129F730B7A} = {D87066C4-1144-4BD8-96E9-9F4676001397}
		{67AC5ED0-B443-4098-B0D9-6B5F0761F599} = {D87066C4-1144-4BD8-96E9-9F4676001397}
		{5B46A891-BF1A-487F-AF68-0AF045F8EC96} = {D87066C4-1144-4BD8-96E9-9F4676001397}
		{7A7E46BE-5210-4E0B-8FF6-71B82012E51A} = {D87066C4-1144-4BD8-96E9-9F4676001397}
		{40615C80-C80C-4C95-ABC3-3291C32197D8} = {D87066C4-1144-4BD8-96E9-9F4676001397}
		{34C08A60-E141-4FAD-975F-F447317CDA79} = {D87066C4-1144-4BD8-96E9-9F4676001397}
		{41A5C3DF-744E-47E6-84F2-671260AB651B} = {627F81D7-6C42-4AE8-9D96-A7F1BB3B2475}
	EndGlobalSection
	GlobalSection(ExtensibilityGlobals) = postSolution
		SolutionGuid = {7DA0BB43-C1D4-4688-BE43-A9ED2D6F78EE}
	EndGlobalSection
EndGlobal
