
Microsoft Visual Studio Solution File, Format Version 12.00
# Visual Studio Version 17
VisualStudioVersion = 17.3.32825.248
MinimumVisualStudioVersion = 10.0.40219.1
Project("{9A19103F-16F7-4668-BE54-9A1E7A4F7556}") = "BitMono.API", "src\BitMono.API\BitMono.API.csproj", "{09EB78D1-98CD-4517-A211-817665D8CCAB}"
EndProject
Project("{9A19103F-16F7-4668-BE54-9A1E7A4F7556}") = "BitMono.CLI", "src\BitMono.CLI\BitMono.CLI.csproj", "{140B2503-CBD9-4F9B-879D-5E2ACEF676FB}"
EndProject
Project("{9A19103F-16F7-4668-BE54-9A1E7A4F7556}") = "BitMono.Core", "src\BitMono.Core\BitMono.Core.csproj", "{8E8D5433-9620-4064-97BC-919E77F52DC5}"
EndProject
Project("{9A19103F-16F7-4668-BE54-9A1E7A4F7556}") = "BitMono.Protections", "src\BitMono.Protections\BitMono.Protections.csproj", "{0CE94FE0-9983-4218-899F-74F15549A0FB}"
EndProject
Project("{9A19103F-16F7-4668-BE54-9A1E7A4F7556}") = "BitMono.Utilities", "src\BitMono.Utilities\BitMono.Utilities.csproj", "{0F33C31F-8AA5-474B-AD19-042A36C90C8A}"
EndProject
Project("{9A19103F-16F7-4668-BE54-9A1E7A4F7556}") = "BitMono.Host", "src\BitMono.Host\BitMono.Host.csproj", "{9CAC15CC-EB40-4148-8FBD-270BCE788CEF}"
EndProject
Project("{9A19103F-16F7-4668-BE54-9A1E7A4F7556}") = "BitMono.GUI", "src\BitMono.GUI\BitMono.GUI.csproj", "{25B6BF0D-2997-4C2E-A125-4A727AE766EB}"
EndProject
Project("{9A19103F-16F7-4668-BE54-9A1E7A4F7556}") = "BitMono.GUI.API", "src\BitMono.GUI.API\BitMono.GUI.API.csproj", "{33E73D54-385D-4F27-8C53-7B2FDD137DC0}"
EndProject
Project("{9A19103F-16F7-4668-BE54-9A1E7A4F7556}") = "BitMono.GUI.Utilities", "src\BitMono.GUI.Utilities\BitMono.GUI.Utilities.csproj", "{F9EC6697-A4BF-4796-844B-BEC1B3377A3C}"
EndProject
Project("{9A19103F-16F7-4668-BE54-9A1E7A4F7556}") = "BitMono.ExternalComponents", "src\BitMono.ExternalComponents\BitMono.ExternalComponents.csproj", "{A0C2671D-8645-4D4B-984A-EF3400EEAA91}"
EndProject
Project("{2150E333-8FDC-42A3-9474-1A3956D46DE8}") = "Solution items", "Solution items", "{A2890DD6-805E-4952-9E84-3F001E1829C4}"
	ProjectSection(SolutionItems) = preProject
		.formatconfig = .formatconfig
	EndProjectSection
EndProject
Project("{9A19103F-16F7-4668-BE54-9A1E7A4F7556}") = "BitMono.Shared", "src\BitMono.Shared\BitMono.Shared.csproj", "{DA8223B2-3423-41E3-A562-B9E883EF4E3B}"
EndProject
Project("{9A19103F-16F7-4668-BE54-9A1E7A4F7556}") = "BitMono.Obfuscation", "src\BitMono.Obfuscation\BitMono.Obfuscation.csproj", "{AE66ED73-BE91-4C02-8CFB-B4D059A947FC}"
EndProject
Project("{9A19103F-16F7-4668-BE54-9A1E7A4F7556}") = "BitMono.Obfuscation.API", "src\BitMono.Obfuscation.API\BitMono.Obfuscation.API.csproj", "{0C14B05E-4B05-44C5-A030-5D7754A29A02}"
EndProject
Project("{2150E333-8FDC-42A3-9474-1A3956D46DE8}") = "standalone", "standalone", "{76169FB9-B5F2-44B3-BF48-CCF10C3F9341}"
EndProject
Project("{9A19103F-16F7-4668-BE54-9A1E7A4F7556}") = "BitMono.Standalone", "src\BitMono.Standalone\BitMono.Standalone.csproj", "{FE748DBC-2CE5-42D6-B192-D8222B103E0F}"
EndProject
Project("{2150E333-8FDC-42A3-9474-1A3956D46DE8}") = "submodules", "submodules", "{627F81D7-6C42-4AE8-9D96-A7F1BB3B2475}"
EndProject
Project("{9A19103F-16F7-4668-BE54-9A1E7A4F7556}") = "dnlib", "src\dnlib\src\dnlib.csproj", "{5D328071-AD33-4577-8B2B-BF75DF8AA9ED}"
EndProject
Global
	GlobalSection(SolutionConfigurationPlatforms) = preSolution
		Debug|Any CPU = Debug|Any CPU
		Release|Any CPU = Release|Any CPU
	EndGlobalSection
	GlobalSection(ProjectConfigurationPlatforms) = postSolution
		{09EB78D1-98CD-4517-A211-817665D8CCAB}.Debug|Any CPU.ActiveCfg = Debug|Any CPU
		{09EB78D1-98CD-4517-A211-817665D8CCAB}.Debug|Any CPU.Build.0 = Debug|Any CPU
		{09EB78D1-98CD-4517-A211-817665D8CCAB}.Release|Any CPU.ActiveCfg = Release|Any CPU
		{09EB78D1-98CD-4517-A211-817665D8CCAB}.Release|Any CPU.Build.0 = Release|Any CPU
		{140B2503-CBD9-4F9B-879D-5E2ACEF676FB}.Debug|Any CPU.ActiveCfg = Debug|Any CPU
		{140B2503-CBD9-4F9B-879D-5E2ACEF676FB}.Debug|Any CPU.Build.0 = Debug|Any CPU
		{140B2503-CBD9-4F9B-879D-5E2ACEF676FB}.Release|Any CPU.ActiveCfg = Release|Any CPU
		{140B2503-CBD9-4F9B-879D-5E2ACEF676FB}.Release|Any CPU.Build.0 = Release|Any CPU
		{8E8D5433-9620-4064-97BC-919E77F52DC5}.Debug|Any CPU.ActiveCfg = Debug|Any CPU
		{8E8D5433-9620-4064-97BC-919E77F52DC5}.Debug|Any CPU.Build.0 = Debug|Any CPU
		{8E8D5433-9620-4064-97BC-919E77F52DC5}.Release|Any CPU.ActiveCfg = Release|Any CPU
		{8E8D5433-9620-4064-97BC-919E77F52DC5}.Release|Any CPU.Build.0 = Release|Any CPU
		{0CE94FE0-9983-4218-899F-74F15549A0FB}.Debug|Any CPU.ActiveCfg = Debug|Any CPU
		{0CE94FE0-9983-4218-899F-74F15549A0FB}.Debug|Any CPU.Build.0 = Debug|Any CPU
		{0CE94FE0-9983-4218-899F-74F15549A0FB}.Release|Any CPU.ActiveCfg = Release|Any CPU
		{0CE94FE0-9983-4218-899F-74F15549A0FB}.Release|Any CPU.Build.0 = Release|Any CPU
		{0F33C31F-8AA5-474B-AD19-042A36C90C8A}.Debug|Any CPU.ActiveCfg = Debug|Any CPU
		{0F33C31F-8AA5-474B-AD19-042A36C90C8A}.Debug|Any CPU.Build.0 = Debug|Any CPU
		{0F33C31F-8AA5-474B-AD19-042A36C90C8A}.Release|Any CPU.ActiveCfg = Release|Any CPU
		{0F33C31F-8AA5-474B-AD19-042A36C90C8A}.Release|Any CPU.Build.0 = Release|Any CPU
		{9CAC15CC-EB40-4148-8FBD-270BCE788CEF}.Debug|Any CPU.ActiveCfg = Debug|Any CPU
		{9CAC15CC-EB40-4148-8FBD-270BCE788CEF}.Debug|Any CPU.Build.0 = Debug|Any CPU
		{9CAC15CC-EB40-4148-8FBD-270BCE788CEF}.Release|Any CPU.ActiveCfg = Release|Any CPU
		{9CAC15CC-EB40-4148-8FBD-270BCE788CEF}.Release|Any CPU.Build.0 = Release|Any CPU
		{25B6BF0D-2997-4C2E-A125-4A727AE766EB}.Debug|Any CPU.ActiveCfg = Debug|Any CPU
		{25B6BF0D-2997-4C2E-A125-4A727AE766EB}.Debug|Any CPU.Build.0 = Debug|Any CPU
		{25B6BF0D-2997-4C2E-A125-4A727AE766EB}.Debug|Any CPU.Deploy.0 = Debug|Any CPU
		{25B6BF0D-2997-4C2E-A125-4A727AE766EB}.Release|Any CPU.ActiveCfg = Release|Any CPU
		{25B6BF0D-2997-4C2E-A125-4A727AE766EB}.Release|Any CPU.Build.0 = Release|Any CPU
		{25B6BF0D-2997-4C2E-A125-4A727AE766EB}.Release|Any CPU.Deploy.0 = Release|Any CPU
		{33E73D54-385D-4F27-8C53-7B2FDD137DC0}.Debug|Any CPU.ActiveCfg = Debug|Any CPU
		{33E73D54-385D-4F27-8C53-7B2FDD137DC0}.Debug|Any CPU.Build.0 = Debug|Any CPU
		{33E73D54-385D-4F27-8C53-7B2FDD137DC0}.Release|Any CPU.ActiveCfg = Release|Any CPU
		{33E73D54-385D-4F27-8C53-7B2FDD137DC0}.Release|Any CPU.Build.0 = Release|Any CPU
		{F9EC6697-A4BF-4796-844B-BEC1B3377A3C}.Debug|Any CPU.ActiveCfg = Debug|Any CPU
		{F9EC6697-A4BF-4796-844B-BEC1B3377A3C}.Debug|Any CPU.Build.0 = Debug|Any CPU
		{F9EC6697-A4BF-4796-844B-BEC1B3377A3C}.Release|Any CPU.ActiveCfg = Release|Any CPU
		{F9EC6697-A4BF-4796-844B-BEC1B3377A3C}.Release|Any CPU.Build.0 = Release|Any CPU
		{A0C2671D-8645-4D4B-984A-EF3400EEAA91}.Debug|Any CPU.ActiveCfg = Debug|Any CPU
		{A0C2671D-8645-4D4B-984A-EF3400EEAA91}.Debug|Any CPU.Build.0 = Debug|Any CPU
		{A0C2671D-8645-4D4B-984A-EF3400EEAA91}.Release|Any CPU.ActiveCfg = Release|Any CPU
		{A0C2671D-8645-4D4B-984A-EF3400EEAA91}.Release|Any CPU.Build.0 = Release|Any CPU
		{DA8223B2-3423-41E3-A562-B9E883EF4E3B}.Debug|Any CPU.ActiveCfg = Debug|Any CPU
		{DA8223B2-3423-41E3-A562-B9E883EF4E3B}.Debug|Any CPU.Build.0 = Debug|Any CPU
		{DA8223B2-3423-41E3-A562-B9E883EF4E3B}.Release|Any CPU.ActiveCfg = Release|Any CPU
		{DA8223B2-3423-41E3-A562-B9E883EF4E3B}.Release|Any CPU.Build.0 = Release|Any CPU
		{AE66ED73-BE91-4C02-8CFB-B4D059A947FC}.Debug|Any CPU.ActiveCfg = Debug|Any CPU
		{AE66ED73-BE91-4C02-8CFB-B4D059A947FC}.Debug|Any CPU.Build.0 = Debug|Any CPU
		{AE66ED73-BE91-4C02-8CFB-B4D059A947FC}.Release|Any CPU.ActiveCfg = Release|Any CPU
		{AE66ED73-BE91-4C02-8CFB-B4D059A947FC}.Release|Any CPU.Build.0 = Release|Any CPU
		{0C14B05E-4B05-44C5-A030-5D7754A29A02}.Debug|Any CPU.ActiveCfg = Debug|Any CPU
		{0C14B05E-4B05-44C5-A030-5D7754A29A02}.Debug|Any CPU.Build.0 = Debug|Any CPU
		{0C14B05E-4B05-44C5-A030-5D7754A29A02}.Release|Any CPU.ActiveCfg = Release|Any CPU
		{0C14B05E-4B05-44C5-A030-5D7754A29A02}.Release|Any CPU.Build.0 = Release|Any CPU
		{FE748DBC-2CE5-42D6-B192-D8222B103E0F}.Debug|Any CPU.ActiveCfg = Debug|Any CPU
		{FE748DBC-2CE5-42D6-B192-D8222B103E0F}.Debug|Any CPU.Build.0 = Debug|Any CPU
		{FE748DBC-2CE5-42D6-B192-D8222B103E0F}.Release|Any CPU.ActiveCfg = Release|Any CPU
		{FE748DBC-2CE5-42D6-B192-D8222B103E0F}.Release|Any CPU.Build.0 = Release|Any CPU
		{5D328071-AD33-4577-8B2B-BF75DF8AA9ED}.Debug|Any CPU.ActiveCfg = Debug|Any CPU
		{5D328071-AD33-4577-8B2B-BF75DF8AA9ED}.Debug|Any CPU.Build.0 = Debug|Any CPU
		{5D328071-AD33-4577-8B2B-BF75DF8AA9ED}.Release|Any CPU.ActiveCfg = Release|Any CPU
		{5D328071-AD33-4577-8B2B-BF75DF8AA9ED}.Release|Any CPU.Build.0 = Release|Any CPU
	EndGlobalSection
	GlobalSection(SolutionProperties) = preSolution
		HideSolutionNode = FALSE
	EndGlobalSection
	GlobalSection(NestedProjects) = preSolution
		{FE748DBC-2CE5-42D6-B192-D8222B103E0F} = {76169FB9-B5F2-44B3-BF48-CCF10C3F9341}
		{5D328071-AD33-4577-8B2B-BF75DF8AA9ED} = {627F81D7-6C42-4AE8-9D96-A7F1BB3B2475}
	EndGlobalSection
	GlobalSection(ExtensibilityGlobals) = postSolution
		SolutionGuid = {7DA0BB43-C1D4-4688-BE43-A9ED2D6F78EE}
	EndGlobalSection
EndGlobal
